
Microsoft Visual Studio Solution File, Format Version 12.00
# Visual Studio Version 17
VisualStudioVersion = 17.9.34728.123
MinimumVisualStudioVersion = 10.0.40219.1
Project("{8BC9CEB8-8B4A-11D0-8D11-00A0C91BC942}") = "QmlWindowEmbedToDesktop", "QmlWindowEmbedToDesktop\QmlWindowEmbedToDesktop.vcxproj", "{CA8A3EEC-44F8-4B7D-BDD6-98ED337381D1}"
EndProject
Global
	GlobalSection(SolutionConfigurationPlatforms) = preSolution
		Debug|x86 = Debug|x86
		Release|x86 = Release|x86
	EndGlobalSection
	GlobalSection(ProjectConfigurationPlatforms) = postSolution
		{CA8A3EEC-44F8-4B7D-BDD6-98ED337381D1}.Debug|x86.ActiveCfg = Debug|Win32
		{CA8A3EEC-44F8-4B7D-BDD6-98ED337381D1}.Debug|x86.Build.0 = Debug|Win32
		{CA8A3EEC-44F8-4B7D-BDD6-98ED337381D1}.Release|x86.ActiveCfg = Release|Win32
		{CA8A3EEC-44F8-4B7D-BDD6-98ED337381D1}.Release|x86.Build.0 = Release|Win32
	EndGlobalSection
	GlobalSection(SolutionProperties) = preSolution
		HideSolutionNode = FALSE
	EndGlobalSection
	GlobalSection(ExtensibilityGlobals) = postSolution
		SolutionGuid = {043977FE-0F96-4A19-81CB-377871F7B817}
	EndGlobalSection
EndGlobal
